{
  "name": "blockchain-assignment",
  "version": "1.0.0",
  "lockfileVersion": 3,
  "requires": true,
  "packages": {
    "": {
      "name": "blockchain-assignment",
      "version": "1.0.0",
      "license": "ISC",
      "dependencies": {
        "sha-256": "^1.0.3"
      }
    },
    "node_modules/sha-256": {
      "version": "1.0.3",
      "resolved": "https://registry.npmjs.org/sha-256/-/sha-256-1.0.3.tgz",
      "integrity": "sha512-sw+6nvDw6f2ehVWiS+WDntvNSAf/zM8ukEOuQHmxpWiIcSEArlAld/o8Uf/aVuCsIOJkUywdQ8l825+3glRLSA=="
    }
  }
}
